version = 1
revision = 5
requires-python = "==3.14.*"

[[package]]
name = "annotated-doc"
version = "0.0.5"
source = { registry = "https://pypi.org/simple" }
sdist = { url = "https://files.pythonhosted.org/packages/5a/8e/38aa427ed5402449e226975b649c5dc73ccadfefeb95e6aecb8f8ea4b6b6/annotated_doc-0.0.5.tar.gz", hash = "sha256:c7e58ce09192557605d8bbd92836d7e1d520ac9580096042c0bfd197efacf1bb", size = 10758, upload-time = "2026-07-28T13:50:58.129Z" }
wheels = [
    { url = "https://files.pythonhosted.org/packages/3e/30/e900b21425a860e195f32e37657aa1f7c7f2b1bfb26f03ca209b90933c06/annotated_doc-0.0.5-py3-none-any.whl", hash = "sha256:117bac03a25ede5df5440e855b32d556049ca169ead221505badf432fed4b101", size = 5302, upload-time = "2026-07-28T13:50:57.239Z" },
]

[[package]]
name = "annotated-types"
version = "0.8.0"
source = { registry = "https://pypi.org/simple" }
sdist = { url = "https://files.pythonhosted.org/packages/5f/56/a8120250d128bed162cd73c76d45f6ef9991f3e068f62a8ee060afa3104a/annotated_types-0.8.0.tar.gz", hash = "sha256:13b2beaad985e05e2d6407ee4c4f35590b11f8d693a258a561055cac8f64cab7", size = 15893, upload-time = "2026-07-23T20:16:13.995Z" }
wheels = [
    { url = "https://files.pythonhosted.org/packages/99/91/8acff4f5e50511b911bbccb72b8628a49c68ce14148cd9f6431094859a90/annotated_types-0.8.0-py3-none-any.whl", hash = "sha256:f072f4d804ea359e4eaf198b1af7a8b0943881a87f31bb764f8bf219bb9419e0", size = 13427, upload-time = "2026-07-23T20:16:12.938Z" },
]

[[package]]
name = "colorama"
version = "0.4.6"
source = { registry = "https://pypi.org/simple" }
sdist = { url = "https://files.pythonhosted.org/packages/d8/53/6f443c9a4a8358a93a6792e2acffb9d9d5cb0a5cfd8802644b7b1c9a02e4/colorama-0.4.6.tar.gz", hash = "sha256:08695f5cb7ed6e0531a20572697297273c47b8cae5a63ffc6d6ed5c201be6e44", size = 27697, upload-time = "2022-10-25T02:36:22.414Z" }
wheels = [
    { url = "https://files.pythonhosted.org/packages/d1/d6/3965ed04c63042e047cb6a3e6ed1a63a35087b6a609aa3a15ed8ac56c221/colorama-0.4.6-py2.py3-none-any.whl", hash = "sha256:4f1d9991f5acc0ca119f9d443620b77f9d6b33703e51011c16baf57afb285fc6", size = 25335, upload-time = "2022-10-25T02:36:20.889Z" },
]

[[package]]
name = "datapulse"
version = "0.1.0"
source = { editable = "." }
dependencies = [
    { name = "fastexcel" },
    { name = "polars" },
    { name = "pydantic" },
    { name = "rich" },
    { name = "typer" },
]

[package.dev-dependencies]
dev = [
    { name = "pyright" },
    { name = "pytest" },
    { name = "ruff" },
    { name = "xlsxwriter" },
]

[package.metadata]
requires-dist = [
    { name = "fastexcel" },
    { name = "polars" },
    { name = "pydantic", specifier = ">=2.0" },
    { name = "rich" },
    { name = "typer" },
]

[package.metadata.requires-dev]
dev = [
    { name = "pyright" },
    { name = "pytest" },
    { name = "ruff" },
    { name = "xlsxwriter" },
]

[[package]]
name = "fastexcel"
version = "0.21.0"
source = { registry = "https://pypi.org/simple" }
sdist = { url = "https://files.pythonhosted.org/packages/ab/16/d3b4465e1c32736ada7e1bc5a11334f3b38d747074aa01c60877d01dff81/fastexcel-0.21.0.tar.gz", hash = "sha256:07313c1267ab47ba639abf1122efd5985a1fb08efc996194f422ab17f06149c5", size = 61036, upload-time = "2026-08-19T13:00:20.184Z" }
wheels = [
    { url = "https://files.pythonhosted.org/packages/94/98/461c22faa286d7635343fcfbacbed4edf77d98f06fb4426e646ae5438d66/fastexcel-0.21.0-cp310-abi3-macosx_10_12_x86_64.whl", hash = "sha256:c3e7ab5d8c8b6c5a787aaf2b64604bd8b93b94694920a2ed731ea556a81d9a35", size = 3421831, upload-time = "2026-08-19T13:00:07.163Z" },
    { url = "https://files.pythonhosted.org/packages/69/ff/a6b1b97a94bbcc0d64b946e831ff937c2c803b019a7600fc69f953c38370/fastexcel-0.21.0-cp310-abi3-macosx_11_0_arm64.whl", hash = "sha256:768b663728cb5f29e159428fdf3a3f74e379534c2f0304b300bd95039d482abe", size = 3264928, upload-time = "2026-08-19T13:00:09.133Z" },
    { url = "https://files.pythonhosted.org/packages/a8/a1/27454838aca7921826dd02be3828a20fcaaa36e641762bf070642c8ad65e/fastexcel-0.21.0-cp310-abi3-manylinux_2_17_aarch64.manylinux2014_aarch64.whl", hash = "sha256:3c6e66906fe3b9f68f94c4c94e2ac21b6eebd862b703983c8e0c009f91c71754", size = 3719994, upload-time = "2026-08-19T12:59:50.076Z" },
    { url = "https://files.pythonhosted.org/packages/30/b8/2f5de2ec4026aa2e121a5da3d25b1d20f653bffdd569dfb74df6732ab99d/fastexcel-0.21.0-cp310-abi3-manylinux_2_17_x86_64.manylinux2014_x86_64.whl", hash = "sha256:9ddb458fecbbf1804c0952155fb99d18025d86e345b57a5435e0553944f25578", size = 3789119, upload-time = "2026-08-19T12:59:52.278Z" },
    { url = "https://files.pythonhosted.org/packages/5d/b2/1e08ffca9481fa2103409a9bef52a91f0963867b4ea649a3d9e8f5c45554/fastexcel-0.21.0-cp310-abi3-musllinux_1_2_aarch64.whl", hash = "sha256:0376944edf90c98008b49b200f7354122ba9abac6c21bab76487655738b041b7", size = 3895258, upload-time = "2026-08-19T12:59:54.374Z" },
    { url = "https://files.pythonhosted.org/packages/6d/68/4f0d0b5d41c9fe22d45ec2b8412566cb79fbd4f412b6f33a7f60a302c1e8/fastexcel-0.21.0-cp310-abi3-musllinux_1_2_x86_64.whl", hash = "sha256:e919a4eaa15330341744cfee33d1f87d041d08228ce68809790e3738e80811e8", size = 4047752, upload-time = "2026-08-19T12:59:56.424Z" },
    { url = "https://files.pythonhosted.org/packages/8a/88/6879abe39db93b2c1939fe146d1335d95c30e961c2807f5bc516d4e305e1/fastexcel-0.21.0-cp310-abi3-win_amd64.whl", hash = "sha256:e1db4666a0790b48c76bb5a43cda06ffecebb22706f9ac6b3f07bcb0e7336134", size = 3318648, upload-time = "2026-08-19T13:00:14.784Z" },
    { url = "https://files.pythonhosted.org/packages/f3/03/5c8c97b47289bead5a3ba0b6cba01d27377b857446c65918c43e1b008d94/fastexcel-0.21.0-cp310-abi3-win_arm64.whl", hash = "sha256:86af0a1e3c3d8657916ea434f11636df4e4b49e0cf665b4ea39349a83d4ca3c8", size = 3035704, upload-time = "2026-08-19T13:00:16.64Z" },
    { url = "https://files.pythonhosted.org/packages/74/9d/ef3dd2022d943620653f65fd160f81be27c576a54b9ecd26cd1731da365b/fastexcel-0.21.0-cp314-cp314t-macosx_10_12_x86_64.whl", hash = "sha256:f6cf28f5f3fed1f34aa15bf021d2c04bf947720df70f54b131258c913bc3b4cf", size = 3419154, upload-time = "2026-08-19T13:00:11.145Z" },
    { url = "https://files.pythonhosted.org/packages/e4/82/763ecd88db11d6f98b78aa1b951c2a259d84d6d285af2f6dd525948062f4/fastexcel-0.21.0-cp314-cp314t-macosx_11_0_arm64.whl", hash = "sha256:ef2a6953e8350966d32632e3bc064edaab64ea2899f2027e564269fa7d75fb58", size = 3251184, upload-time = "2026-08-19T13:00:12.965Z" },
    { url = "https://files.pythonhosted.org/packages/7c/0d/fce85550c9138e5e2517b33d9ec000222710b3bdc6563a6c91fddff3eb52/fastexcel-0.21.0-cp314-cp314t-manylinux_2_17_aarch64.manylinux2014_aarch64.whl", hash = "sha256:6f8fdbfd80647714a2b3d49de2517d0466f6c046aa215c16fb569c48aef8d0ee", size = 3711549, upload-time = "2026-08-19T12:59:58.613Z" },
    { url = "https://files.pythonhosted.org/packages/ac/47/b768f8165e16f15345b5eec06507b33e88cc8934d5e9d0e602d26bfdba8a/fastexcel-0.21.0-cp314-cp314t-manylinux_2_17_x86_64.manylinux2014_x86_64.whl", hash = "sha256:47c6f42b3b82a158e4e6c4e1ed53ba0b96cec132d1fed828c8411e6f6ba5caab", size = 3778980, upload-time = "2026-08-19T13:00:00.807Z" },
    { url = "https://files.pythonhosted.org/packages/d1/e8/3d9626a0b1e50704bfc19df2f69e2b3e7870f43e6cd8509565b5aa32e5b6/fastexcel-0.21.0-cp314-cp314t-musllinux_1_2_aarch64.whl", hash = "sha256:bce27f751cf1661f823088e89c11375448d19e425e3c3aa993c356720305c873", size = 3888071, upload-time = "2026-08-19T13:00:03.134Z" },
    { url = "https://files.pythonhosted.org/packages/a7/ff/23f43ec08ac44a02798508593f2af5c84bbad58db17da3237428577f5b1b/fastexcel-0.21.0-cp314-cp314t-musllinux_1_2_x86_64.whl", hash = "sha256:1a5742e598516734740ef4142cf3328d6ef6c8e43947d9a66d6a91a5d9bfa3ec", size = 4041849, upload-time = "2026-08-19T13:00:05.103Z" },
    { url = "https://files.pythonhosted.org/packages/13/90/4b2614123e185f20e386695771898c97a469f39129472db731a2c3d248ad/fastexcel-0.21.0-cp314-cp314t-win_amd64.whl", hash = "sha256:fe52f6053aac6ff3b8cc879052b671af9cb3ada16853b1c8b4bcac44574e4c10", size = 3311557, upload-time = "2026-08-19T13:00:18.614Z" },
]

[[package]]
name = "iniconfig"
version = "2.3.1"
source = { registry = "https://pypi.org/simple" }
sdist = { url = "https://files.pythonhosted.org/packages/01/e1/2069291243c926a2ff1cd706c7f3eeb9b62144bf60f77c9fb9ff2fb26bd3/iniconfig-2.3.1.tar.gz", hash = "sha256:67f4b9c50da0dedf52af349e7749a80a9057a5031199791b906c3bb3ae878960", size = 21209, upload-time = "2026-10-06T22:48:38.076Z" }
wheels = [
    { url = "https://files.pythonhosted.org/packages/56/43/4ca9e49d27a1fcf6bece6f6aec0ea46bb9112489b93d4b688fb415457bdb/iniconfig-2.3.1-py3-none-any.whl", hash = "sha256:9121e2c1fdb355232495be3194c8dfe87ccc2d5dee45947b78e68f499790d7a7", size = 7552, upload-time = "2026-10-06T22:48:36.959Z" },
]

[[package]]
name = "markdown-it-py"
version = "4.2.0"
source = { registry = "https://pypi.org/simple" }
dependencies = [
    { name = "mdurl" },
]
sdist = { url = "https://files.pythonhosted.org/packages/06/ff/7841249c247aa650a76b9ee4bbaeae59370dc8bfd2f6c01f3630c35eb134/markdown_it_py-4.2.0.tar.gz", hash = "sha256:04a21681d6fbb623de53f6f364d352309d4094dd4194040a10fd51833e418d49", size = 82454, upload-time = "2026-05-07T12:08:28.36Z" }
wheels = [
    { url = "https://files.pythonhosted.org/packages/b3/81/4da04ced5a082363ecfa159c010d200ecbd959ae410c10c0264a38cac0f5/markdown_it_py-4.2.0-py3-none-any.whl", hash = "sha256:9f7ebbcd14fe59494226453aed97c1070d83f8d24b6fc3a3bcf9a38092641c4a", size = 91687, upload-time = "2026-05-07T12:08:27.182Z" },
]

[[package]]
name = "mdurl"
version = "0.1.2"
source = { registry = "https://pypi.org/simple" }
sdist = { url = "https://files.pythonhosted.org/packages/d6/54/cfe61301667036ec958cb99bd3efefba235e65cdeb9c84d24a8293ba1d90/mdurl-0.1.2.tar.gz", hash = "sha256:bb413d29f5eea38f31dd4754dd7377d4465116fb207585f97bf925588687c1ba", size = 8729, upload-time = "2022-08-14T12:40:10.846Z" }
wheels = [
    { url = "https://files.pythonhosted.org/packages/b3/38/89ba8ad64ae25be8de66a6d463314cf1eb366222074cfda9ee839c56a4b4/mdurl-0.1.2-py3-none-any.whl", hash = "sha256:84008a41e51615a49fc9966191ff91509e3c40b939176e643fd50a5c2196b8f8", size = 9979, upload-time = "2022-08-14T12:40:09.779Z" },
]

[[package]]
name = "nodeenv"
version = "1.11.0"
source = { registry = "https://pypi.org/simple" }
sdist = { url = "https://files.pythonhosted.org/packages/9a/8e/105de02c1322cfada6d9710d9146ef8026419d433c9d08359a2d35805811/nodeenv-1.11.0.tar.gz", hash = "sha256:3ce8fe5b71d16e8af7039ca65257354100bc772965d6bc549070649e53b1b146", size = 99301, upload-time = "2026-09-26T11:29:21.367Z" }
wheels = [
    { url = "https://files.pythonhosted.org/packages/54/c8/12811c9b48fde162bb72b6f2e78fada9a247a09d7bb5be2050a5d099c77b/nodeenv-1.11.0-py2.py3-none-any.whl", hash = "sha256:edaa16e6c14d7cf395d75d4bbd5a26390f4dc06501a33b4e76282b02cc688a25", size = 34277, upload-time = "2026-09-26T11:29:19.933Z" },
]

[[package]]
name = "packaging"
version = "26.3"
source = { registry = "https://pypi.org/simple" }
sdist = { url = "https://files.pythonhosted.org/packages/7d/fa/3944b40b07da9ce895c0e6303a5ab7d53da063554f534556b134a54d6093/packaging-26.3.tar.gz", hash = "sha256:94edc256424af38762eb31306eed28beb9f0efc50a8837492c9d6fd6004aed79", size = 313412, upload-time = "2026-08-04T18:15:28.737Z" }
wheels = [
    { url = "https://files.pythonhosted.org/packages/63/34/ba1c580383c9eada3711951fef0795c80b829a078d72188184bcab9dd527/packaging-26.3-py3-none-any.whl", hash = "sha256:d7193f7c8e4e93f444fde0262bf90af30e16fa0ad0ad44cb553c87339b23cd1c", size = 129956, upload-time = "2026-08-04T18:15:27.159Z" },
]

[[package]]
name = "pluggy"
version = "1.6.0"
source = { registry = "https://pypi.org/simple" }
sdist = { url = "https://files.pythonhosted.org/packages/f9/e2/3e91f31a7d2b083fe6ef3fa267035b518369d9511ffab804f839851d2779/pluggy-1.6.0.tar.gz", hash = "sha256:7dcc130b76258d33b90f61b658791dede3486c3e6bfb003ee5c9bfb396dd22f3", size = 69412, upload-time = "2025-05-15T12:30:07.975Z" }
wheels = [
    { url = "https://files.pythonhosted.org/packages/54/20/4d324d65cc6d9205fabedc306948156824eb9f0ee1633355a8f7ec5c66bf/pluggy-1.6.0-py3-none-any.whl", hash = "sha256:e920276dd6813095e9377c0bc5566d94c932c33b27a3e3945d8389c374dd4746", size = 20538, upload-time = "2025-05-15T12:30:06.134Z" },
]

[[package]]
name = "polars"
version = "2.0.0"
source = { registry = "https://pypi.org/simple" }
dependencies = [
    { name = "polars-runtime-32" },
]
sdist = { url = "https://files.pythonhosted.org/packages/8e/e9/001f371ec6a1bb54893f599ceebd56e6144fed4091f09f09fec0021a9276/polars-2.0.0.tar.gz", hash = "sha256:62da109e27a19a9d36657ee25dc035c9d3f87e7bd610526fe467dc37ea7dc115", size = 778215, upload-time = "2026-10-06T11:51:29.679Z" }
wheels = [
    { url = "https://files.pythonhosted.org/packages/ac/09/cc33bbd5463749c116b62c204d88bed6c02a6cb901eac7adab0d38651b07/polars-2.0.0-py3-none-any.whl", hash = "sha256:35d62f3541b7a6d4c360a2e2f07fccc0c2bcbd33b0ea51c83a25417a47a3f3ad", size = 876611, upload-time = "2026-10-06T11:44:04.327Z" },
]

[[package]]
name = "polars-runtime-32"
version = "2.0.0"
source = { registry = "https://pypi.org/simple" }
sdist = { url = "https://files.pythonhosted.org/packages/34/ad/dbb6f6d7070867951532bcfe5e6a648d8777b416b18cddabc07030404e8c/polars_runtime_32-2.0.0.tar.gz", hash = "sha256:b5f9afcc742b4a67eabd2c680ff0f12eb02ede9b4bf807bffabd6dbb9a58d5c7", size = 3591339, upload-time = "2026-10-06T11:51:31.076Z" }
wheels = [
    { url = "https://files.pythonhosted.org/packages/82/88/d35dec6c8928dfbaa1cccf9b626a1067da906e792c92d9f994ca825ab2b5/polars_runtime_32-2.0.0-cp310-abi3-macosx_10_12_x86_64.whl", hash = "sha256:ffb7ac6cf4e8c4a652df1951e3c3840c7c23a033603d5a9efd422fa8dd699d82", size = 52494314, upload-time = "2026-10-06T11:44:07.768Z" },
    { url = "https://files.pythonhosted.org/packages/5f/fd/2237bf53ffaff47cdf1edc6c10587a7a6444d4951150eeb08d84f3493ff8/polars_runtime_32-2.0.0-cp310-abi3-macosx_11_0_arm64.whl", hash = "sha256:7012d8a0201bd95638545ce8f256c0efe2c5cab0f806eb043021dddde5a9498b", size = 47930083, upload-time = "2026-10-06T11:44:11.592Z" },
    { url = "https://files.pythonhosted.org/packages/0d/0d/85e3ed90417996fc09770be91b39979074fe2978fc15b431bf8a9459760d/polars_runtime_32-2.0.0-cp310-abi3-manylinux_2_17_aarch64.manylinux2014_aarch64.whl", hash = "sha256:8b85bb42e6009acc9629afcc70a83473fd468694d6a30ffb0ab376c8dd1a0a17", size = 50417889, upload-time = "2026-10-06T11:50:20.774Z" },
    { url = "https://files.pythonhosted.org/packages/83/88/e9fecfd49159da92f54ff2445883577a0f1bc195da53ecc9535c458d55dd/polars_runtime_32-2.0.0-cp310-abi3-manylinux_2_17_x86_64.manylinux2014_x86_64.whl", hash = "sha256:0d6ac584ea2b38913784db943879412380d92e28ab9cb88e20a77ba71ba3f911", size = 54475036, upload-time = "2026-10-06T11:50:24.411Z" },
    { url = "https://files.pythonhosted.org/packages/48/ad/b2abf732697b21467aaaeaac0f3bf7eee0d89c59ce8125f1ed41b28a2d97/polars_runtime_32-2.0.0-cp310-abi3-musllinux_1_2_aarch64.whl", hash = "sha256:a6bf5e260e0a6f00d0f9181438fe9e45776df8c66cee9cba16e3675cc3888488", size = 50579474, upload-time = "2026-10-06T11:50:28.377Z" },
    { url = "https://files.pythonhosted.org/packages/7f/05/304deee59a95865e1b5e9ec7b066069b49093b81b768f473d9d3b165c686/polars_runtime_32-2.0.0-cp310-abi3-musllinux_1_2_x86_64.whl", hash = "sha256:55c26eef325b6840584d91aac232e9cf3ac19e1b904594b9b54131be1edeab4d", size = 54413293, upload-time = "2026-10-06T11:50:31.828Z" },
    { url = "https://files.pythonhosted.org/packages/61/59/8c9fd7199f7c4eb1b64e640306a946a2e4a46337b3bbb33b840972c7d84b/polars_runtime_32-2.0.0-cp310-abi3-win_amd64.whl", hash = "sha256:7da1caf3c7b4f397fb213c984013a0c755557619a2d511899a1ff74392484078", size = 54229989, upload-time = "2026-10-06T11:50:35.206Z" },
    { url = "https://files.pythonhosted.org/packages/e2/93/43608026f38aa6ed4d22da8597706a61682ee403caef0021ce8e6dc73227/polars_runtime_32-2.0.0-cp310-abi3-win_arm64.whl", hash = "sha256:c30ba698c8904048df4a9bc3d6c5033cc2d0a7cbb0e13f4fd2de5a1947b61994", size = 48730655, upload-time = "2026-10-06T11:50:38.756Z" },
]

[[package]]
name = "pydantic"
version = "2.14.0"
source = { registry = "https://pypi.org/simple" }
dependencies = [
    { name = "annotated-types" },
    { name = "pydantic-core" },
    { name = "typing-extensions" },
    { name = "typing-inspection" },
]
sdist = { url = "https://files.pythonhosted.org/packages/6b/fb/6e44b63b26efea1cec48c26d8362313310202ef5ed6e7a52f1669e64e2cd/pydantic-2.14.0.tar.gz", hash = "sha256:8a51a7aaddd60f55566d1f07bdd87b92b463903f39a8f26b71a06314cd1548ae", size = 898613, upload-time = "2026-10-08T14:34:48.341Z" }
wheels = [
    { url = "https://files.pythonhosted.org/packages/2d/eb/9146591cc819d040475bf7f2be786710c7f7eb8083693bf859728da2ca9c/pydantic-2.14.0-py3-none-any.whl", hash = "sha256:15fab1bea6f1dc5003b54fc2ecab230c1fd1dbade2acd4addc52d81e32416d4b", size = 487109, upload-time = "2026-10-08T14:34:46.864Z" },
]

[[package]]
name = "pydantic-core"
version = "2.50.0"
source = { registry = "https://pypi.org/simple" }
dependencies = [
    { name = "typing-extensions" },
]
sdist = { url = "https://files.pythonhosted.org/packages/e6/6d/196e8c819e0e934f35a1a33b3530396feadb0af4ca38fe9f995249e55794/pydantic_core-2.50.0.tar.gz", hash = "sha256:84d2d38f7d163c4dec292f379e9de1960c661795442aca6c90d706436cb3749e", size = 513355, upload-time = "2026-10-08T14:30:58.245Z" }
wheels = [
    { url = "https://files.pythonhosted.org/packages/59/d9/6dd838672e5ccddf01556bfd1b4a6767e0c75abf9aaa4092cb87a56dbc4a/pydantic_core-2.50.0-cp314-cp314-macosx_10_12_x86_64.whl", hash = "sha256:62a93a9d206a3580c975c3c1f65a869cd063844d016c004f8d786a9309b3c591", size = 2224496, upload-time = "2026-10-08T14:27:39.281Z" },
    { url = "https://files.pythonhosted.org/packages/b3/20/c57d2efcc63fb8fb6ae9ec2818baf30e2a68751e8d1dedefaf3dab2e45fd/pydantic_core-2.50.0-cp314-cp314-macosx_11_0_arm64.whl", hash = "sha256:5a8403eef4a66743e339102fb3cdd8c8b9016b8bd67924685893d062c88896f9", size = 2023860, upload-time = "2026-10-08T14:27:41.332Z" },
    { url = "https://files.pythonhosted.org/packages/26/c8/f44ea3f1b00288f715e2320cbcd0f604104325370ef4bee42c5ed2ab076e/pydantic_core-2.50.0-cp314-cp314-manylinux_2_17_aarch64.manylinux2014_aarch64.whl", hash = "sha256:d8354fbbe2abf0fb724b9303bef43bfd9b7a2779332813fa6d6559983954e7d8", size = 2049144, upload-time = "2026-10-08T14:27:43.695Z" },
    { url = "https://files.pythonhosted.org/packages/74/5c/2f5cf84ceaf6d7c351737124aebc135f50ce48a9dd28d2b5283103face54/pydantic_core-2.50.0-cp314-cp314-manylinux_2_17_armv7l.manylinux2014_armv7l.whl", hash = "sha256:00963fde61cf8880d9e7b5635a9830e0591edfa45168447fdc5b47635c0f6437", size = 2173456, upload-time = "2026-10-08T14:27:45.792Z" },
    { url = "https://files.pythonhosted.org/packages/97/de/dc0bd815a328e62b72bb93b5f3c762939670d4119fd27405b454970833da/pydantic_core-2.50.0-cp314-cp314-manylinux_2_17_ppc64le.manylinux2014_ppc64le.whl", hash = "sha256:1bbd7da16d8b2912cc56c9d0b85c4998a6cbf39b220f81c0d8c397c64672ae0e", size = 2365204, upload-time = "2026-10-08T14:27:48.117Z" },
    { url = "https://files.pythonhosted.org/packages/ca/a5/458c4a29f52fdecb16b192fb27f117359da9c9c58401ebfd956637822dca/pydantic_core-2.50.0-cp314-cp314-manylinux_2_17_s390x.manylinux2014_s390x.whl", hash = "sha256:ed557fa2744617eac3e34dd39b85037efbf23cd33f06851c00fdb8f18ad8f4c2", size = 2445007, upload-time = "2026-10-08T14:27:50.637Z" },
    { url = "https://files.pythonhosted.org/packages/98/14/0c0e72e0663be91a456167a2f7ed49c65195b388e8f1e8b2bb5083b27458/pydantic_core-2.50.0-cp314-cp314-manylinux_2_17_x86_64.manylinux2014_x86_64.whl", hash = "sha256:59f816dc04e99627a5a6352ae51dfb30e603f2cb0b7009c91dc640c533def014", size = 2159911, upload-time = "2026-10-08T14:27:52.881Z" },
    { url = "https://files.pythonhosted.org/packages/62/7f/64af6921e17ed04dda0e07ebbd394b29fb557d33618cb0f3f81ec59c0508/pydantic_core-2.50.0-cp314-cp314-manylinux_2_31_riscv64.whl", hash = "sha256:779b6c74526596a86d38248dedaecfb7851bbaf319c234be042c57acddd2c8c4", size = 2235761, upload-time = "2026-10-08T14:27:55.194Z" },
    { url = "https://files.pythonhosted.org/packages/82/11/b6ff9f7207af629094f4deac947d04be3812d5c95054010ad8f710a052f0/pydantic_core-2.50.0-cp314-cp314-manylinux_2_5_i686.manylinux1_i686.whl", hash = "sha256:21b62d45f327eb0802f842c132fda6d01a8376a8077922dc4dda69011c64d34a", size = 2243726, upload-time = "2026-10-08T14:27:57.336Z" },
    { url = "https://files.pythonhosted.org/packages/8e/37/6f7101f3c746a1686987a32875ae2f7c19f518d783979cee1a8a32e0a9ef/pydantic_core-2.50.0-cp314-cp314-musllinux_1_1_aarch64.whl", hash = "sha256:4f31af62efd1fd0257735b72e6716b32d4f207654adeabfe524d44baf1bb6bed", size = 2277158, upload-time = "2026-10-08T14:27:59.714Z" },
    { url = "https://files.pythonhosted.org/packages/d2/74/67fe208f3ec7f5d8c47bf7cba70019a84b1cffad947ebc8caef14271b54f/pydantic_core-2.50.0-cp314-cp314-musllinux_1_1_armv7l.whl", hash = "sha256:933f2d639eb81a3e1f145aec415453cc00983236629933f028d9507222583a2e", size = 2450059, upload-time = "2026-10-08T14:28:02.17Z" },
    { url = "https://files.pythonhosted.org/packages/cd/10/4a9c56a69f5841bdd94ffff5876a12ad2733209d5b89cadb67638d69e7c7/pydantic_core-2.50.0-cp314-cp314-musllinux_1_1_x86_64.whl", hash = "sha256:c05d035e72530f6b00297941b0162218601542b76870c3bf2756bd87f16fc538", size = 2479142, upload-time = "2026-10-08T14:28:04.494Z" },
    { url = "https://files.pythonhosted.org/packages/bf/c1/30d36746051e42bb67df986ee874f787526edb99205f6b1583c33dd81202/pydantic_core-2.50.0-cp314-cp314-pyemscripten_2026_0_wasm32.whl", hash = "sha256:ab3f95f737fc1b258b8210308fc02ce1442cf5950cf6d30b09ad89ab9e8afebd", size = 1483929, upload-time = "2026-10-08T14:28:06.527Z" },
    { url = "https://files.pythonhosted.org/packages/04/2c/c0e8949be4f99a74f02ae02d603bdd518c8a9eba72982a34d675134a792a/pydantic_core-2.50.0-cp314-cp314-win32.whl", hash = "sha256:f12d9690634414fc04b1a7072fdc35c34a9242232c1851fe4518383578bb09d4", size = 2104255, upload-time = "2026-10-08T14:28:08.729Z" },
    { url = "https://files.pythonhosted.org/packages/ea/6f/a5a5baf99509c998e0f2335d66b815880c7d6c63231c8e4017b237d6837d/pydantic_core-2.50.0-cp314-cp314-win_amd64.whl", hash = "sha256:63263d64884688554fb025a3906c7b00573980cfee75f9afeb86239d577384bc", size = 2170939, upload-time = "2026-10-08T14:28:11.08Z" },
    { url = "https://files.pythonhosted.org/packages/40/bc/c89b93b69d59cfe61c1e91b1cd3d87cc740e57327ecfef84ce34b7dcadac/pydantic_core-2.50.0-cp314-cp314-win_arm64.whl", hash = "sha256:753863dd4317ec8cc9eb3e6d9d01a8ef1a1726a8003b4354658d68a1ae05f9db", size = 2157035, upload-time = "2026-10-08T14:28:13.445Z" },
    { url = "https://files.pythonhosted.org/packages/ff/5e/d0ad47a406c42db95876900f4bfc520313c28d07a0dd5080da4972220c27/pydantic_core-2.50.0-cp314-cp314t-macosx_10_12_x86_64.whl", hash = "sha256:c4abc425789f8540e86ca4cfdbc8dc650433cc2ac7c6136fee9bcb29d5665a02", size = 2234007, upload-time = "2026-10-08T14:28:15.9Z" },
    { url = "https://files.pythonhosted.org/packages/ae/f4/69a7ec8400c1e34e5e11ab967f850ffd8ca71bb3aa0a8db93df5912bb6f2/pydantic_core-2.50.0-cp314-cp314t-macosx_11_0_arm64.whl", hash = "sha256:cf150693a51ca21e8288cd08a9de05e5ab331776dfcfd0537b14523338f0502a", size = 2000888, upload-time = "2026-10-08T14:28:17.983Z" },
    { url = "https://files.pythonhosted.org/packages/d3/f1/860bb499f7cdf4bb453e8080af5bc182487f2f025d94baeee29c907bde6f/pydantic_core-2.50.0-cp314-cp314t-manylinux_2_17_aarch64.manylinux2014_aarch64.whl", hash = "sha256:158749408ee19682b8a2a7e7135cced7f41d6f2f9de96088b1b1609858a6a158", size = 2022761, upload-time = "2026-10-08T14:28:20.197Z" },
    { url = "https://files.pythonhosted.org/packages/89/fd/f571420436e79b9f7cc8f8ec534dee1759c240b4dc086737608f14d05c93/pydantic_core-2.50.0-cp314-cp314t-manylinux_2_17_armv7l.manylinux2014_armv7l.whl", hash = "sha256:dcbd1fe5083315243447c13f7252ae9fe9d128b1ae2857e3a916c609235dd863", size = 2192910, upload-time = "2026-10-08T14:28:22.502Z" },
    { url = "https://files.pythonhosted.org/packages/cc/94/b47c4a01ea978a7a3d02551e3625f0344ae1352d67ea78011c2eca5e39e4/pydantic_core-2.50.0-cp314-cp314t-manylinux_2_17_ppc64le.manylinux2014_ppc64le.whl", hash = "sha256:0fdeda6272d60b1f6fb63f6a3dade55e274af62e1514d24a6549a12150c385cc", size = 2390178, upload-time = "2026-10-08T14:28:24.861Z" },
    { url = "https://files.pythonhosted.org/packages/77/61/d109f26b3ee4443cca220eaaa4f3fbcf78ff07aeb577becc37d9224db63f/pydantic_core-2.50.0-cp314-cp314t-manylinux_2_17_s390x.manylinux2014_s390x.whl", hash = "sha256:8b16e164205a90b1050d2f5469f8a7829db7698ad198c69e6aab6cbfb5648b87", size = 2464453, upload-time = "2026-10-08T14:28:27.383Z" },
    { url = "https://files.pythonhosted.org/packages/de/a4/7be2f608f6f8e7655155057a82a7e2f135ad9b37fcbadd34fdf11b1ade24/pydantic_core-2.50.0-cp314-cp314t-manylinux_2_17_x86_64.manylinux2014_x86_64.whl", hash = "sha256:17a5ca9c197788a6424749a09a3dce824cb2c17b72f835f8a5e330935b973609", size = 2150682, upload-time = "2026-10-08T14:28:29.65Z" },
    { url = "https://files.pythonhosted.org/packages/80/ef/a8d867f6d3981c232d0f3c2254458cdee8471de7bff3f7edd252cc00c30c/pydantic_core-2.50.0-cp314-cp314t-manylinux_2_31_riscv64.whl", hash = "sha256:01340f4fbb4f854b1f36a6fe9dcd2b26c8936aead4e4ad1205624ac025c875fc", size = 2245995, upload-time = "2026-10-08T14:28:31.934Z" },
    { url = "https://files.pythonhosted.org/packages/9f/a6/7297a39c8814beab877be5ba4f594c2e166108cdd20c1f1c51fb71d5389e/pydantic_core-2.50.0-cp314-cp314t-manylinux_2_5_i686.manylinux1_i686.whl", hash = "sha256:99e203d5c2a814facef78dcd993b0fb7a933124a3475a38979fc09cceae210b7", size = 2264090, upload-time = "2026-10-08T14:28:34.298Z" },
    { url = "https://files.pythonhosted.org/packages/c3/65/634fc407eaf61abec0d015d6fd4fd8456c18c71358e984f60b0a05092d49/pydantic_core-2.50.0-cp314-cp314t-musllinux_1_1_aarch64.whl", hash = "sha256:2092ce156f92aff17e3345baba2b7c0c1701f32ba922c5de71bd6248fbe164e3", size = 2293708, upload-time = "2026-10-08T14:28:36.725Z" },
    { url = "https://files.pythonhosted.org/packages/3a/04/b87fcf8062b8907c77769385a4340a814fe359660593dbbe4d8f3f7e9e61/pydantic_core-2.50.0-cp314-cp314t-musllinux_1_1_armv7l.whl", hash = "sha256:74cbb6cbd74445ca279668790e0c10eccac0428fd79fe061fce6c9e3982ad3fe", size = 2468464, upload-time = "2026-10-08T14:28:39.109Z" },
    { url = "https://files.pythonhosted.org/packages/77/f4/d7aacec95f9e00dcbad84bee2fd0fc081ae292d380dc8a3268e4103de957/pydantic_core-2.50.0-cp314-cp314t-musllinux_1_1_x86_64.whl", hash = "sha256:42fff617cb0b08505d8123d71e6e7a8e54210d9007498f564855bd843ce984b1", size = 2511897, upload-time = "2026-10-08T14:28:41.681Z" },
    { url = "https://files.pythonhosted.org/packages/a0/d8/0a755b0069f9a0f4c57f98fd05b524473952556406244649d632d25f8646/pydantic_core-2.50.0-cp314-cp314t-win32.whl", hash = "sha256:36f9ed6ae1069913e4f6e86d8233e119e83e00a20c54f88faf9c81292f2fecc0", size = 2098906, upload-time = "2026-10-08T14:28:44.218Z" },
    { url = "https://files.pythonhosted.org/packages/27/4e/cd10a1fbd1ba1d730871e382ec2ac550487465c7c9be1a72b3f4f9181817/pydantic_core-2.50.0-cp314-cp314t-win_amd64.whl", hash = "sha256:980c81c2ec53ea9eb2227c14b3e6de35670b2de163b638f2a803e90a3bd5bbb0", size = 2148359, upload-time = "2026-10-08T14:28:46.47Z" },
    { url = "https://files.pythonhosted.org/packages/b0/b1/a766eadfbc16b58d401f63dde3bf4e0943dcd2402011b6b8d9de2031ebe0/pydantic_core-2.50.0-cp314-cp314t-win_arm64.whl", hash = "sha256:dec0dafc116ac29a84d143fdbc3b83fdb5d4ed339276be2251154537ab30e14d", size = 2175241, upload-time = "2026-10-08T14:28:48.934Z" },
]

[[package]]
name = "pygments"
version = "2.21.0"
source = { registry = "https://pypi.org/simple" }
sdist = { url = "https://files.pythonhosted.org/packages/49/2e/ced460408999b33da6b31b0021b0f37d329e202d4169aeb164493778f25b/pygments-2.21.0.tar.gz", hash = "sha256:610ca751c9bc2492b38eb9a38a7fbc93edbbb2d7182edaf34e66ae493dee5c8c", size = 5005329, upload-time = "2026-08-17T08:02:48.824Z" }
wheels = [
    { url = "https://files.pythonhosted.org/packages/71/46/17f022dd3e953bf20a04a028a21ec746d942f8d2af30fa0f124fa0e6a684/pygments-2.21.0-py3-none-any.whl", hash = "sha256:2363c69b61c4a97c838da3b130dcd6468f4848992b21a82f2a63ec34377137d9", size = 1250147, upload-time = "2026-08-17T08:02:44.912Z" },
]

[[package]]
name = "pyright"
version = "1.1.414"
source = { registry = "https://pypi.org/simple" }
dependencies = [
    { name = "nodeenv" },
    { name = "typing-extensions" },
]
sdist = { url = "https://files.pythonhosted.org/packages/e1/1b/244c7b710031ada80f27e579ec20d28a2285dfc318fed0339866b1047f12/pyright-1.1.414.tar.gz", hash = "sha256:523c0a97c60da6333234955c277730c9cf4f5bd6d5399e7b7d2b0fc5d3599524", size = 4154638, upload-time = "2026-09-10T12:26:53.181Z" }
wheels = [
    { url = "https://files.pythonhosted.org/packages/d7/ba/18b6e682ead424ad24bcc134339ae5d1b931cd9ae260540592a058a91279/pyright-1.1.414-py3-none-any.whl", hash = "sha256:2a6b4b3298c9eec174c5ed83bd338de6eee82df2992f3e1930e6199d381be36f", size = 6225049, upload-time = "2026-09-10T12:26:51.427Z" },
]

[[package]]
name = "pytest"
version = "9.1.1"
source = { registry = "https://pypi.org/simple" }
dependencies = [
    { name = "colorama", marker = "sys_platform == 'win32'" },
    { name = "iniconfig" },
    { name = "packaging" },
    { name = "pluggy" },
    { name = "pygments" },
]
sdist = { url = "https://files.pythonhosted.org/packages/e4/47/b9efed96c114afcfa3c9d3fe98a76a1d14c74a9e266d397cf6eb64be5e01/pytest-9.1.1.tar.gz", hash = "sha256:1088fbde8f2b49d95a549a195707afa7a76a3ce9bcadc26b6d71f0ffda5fe313", size = 1636369, upload-time = "2026-06-19T10:58:32.857Z" }
wheels = [
    { url = "https://files.pythonhosted.org/packages/24/25/1de2678b631f5a49215c6c96fff41ba892b0a34df68d6d80292b1b48aa7f/pytest-9.1.1-py3-none-any.whl", hash = "sha256:37a86b45efb9a47a61a36449063e8e18d0cab3161329fc099eb21783169c4f0c", size = 386536, upload-time = "2026-06-19T10:58:31.347Z" },
]

[[package]]
name = "rich"
version = "15.0.0"
source = { registry = "https://pypi.org/simple" }
dependencies = [
    { name = "markdown-it-py" },
    { name = "pygments" },
]
sdist = { url = "https://files.pythonhosted.org/packages/c0/8f/0722ca900cc807c13a6a0c696dacf35430f72e0ec571c4275d2371fca3e9/rich-15.0.0.tar.gz", hash = "sha256:edd07a4824c6b40189fb7ac9bc4c52536e9780fbbfbddf6f1e2502c31b068c36", size = 230680, upload-time = "2026-04-12T08:24:00.75Z" }
wheels = [
    { url = "https://files.pythonhosted.org/packages/82/3b/64d4899d73f91ba49a8c18a8ff3f0ea8f1c1d75481760df8c68ef5235bf5/rich-15.0.0-py3-none-any.whl", hash = "sha256:33bd4ef74232fb73fe9279a257718407f169c09b78a87ad3d296f548e27de0bb", size = 310654, upload-time = "2026-04-12T08:24:02.83Z" },
]

[[package]]
name = "ruff"
version = "0.16.10"
source = { registry = "https://pypi.org/simple" }
sdist = { url = "https://files.pythonhosted.org/packages/c4/49/23802c45f093eb14bde54b141d2b2f058edfa63a06db7beed047308cc08f/ruff-0.16.10.tar.gz", hash = "sha256:eff4728c4eaae93f0955cd264d24b2ab348e74bf59986ccf282ba6dc16b3b017", size = 4958724, upload-time = "2026-10-01T18:03:21.697Z" }
wheels = [
    { url = "https://files.pythonhosted.org/packages/2f/21/ebce22e1d90cdb2cd691026b9c6e9bec6499f0b396089481755b5d49efff/ruff-0.16.10-py3-none-linux_armv6l.whl", hash = "sha256:488b0fe3f3574210e5cf80d9f59b9e3ab17a127a8155de3f307b392589cfb511", size = 10095557, upload-time = "2026-10-01T18:02:36.072Z" },
    { url = "https://files.pythonhosted.org/packages/cb/98/a54de85876a8b2612bfa0d84c7b9abfb39c6a3354aee7800b09c1649b9e3/ruff-0.16.10-py3-none-macosx_10_12_x86_64.whl", hash = "sha256:e748ff95c934c4e978783b8e687bc174e7bd84e8ad24e3243e1ecfcda5e0282d", size = 10340577, upload-time = "2026-10-01T18:02:39.258Z" },
    { url = "https://files.pythonhosted.org/packages/9f/16/1a5a4a2657effe4806110f2b907313802f1367fcdbb29e8122766e407fab/ruff-0.16.10-py3-none-macosx_11_0_arm64.whl", hash = "sha256:3031a4a2e8e7b8a46f70be45f198c35a11ece509a94b80334d8d397a33c67550", size = 9774282, upload-time = "2026-10-01T18:02:41.79Z" },
    { url = "https://files.pythonhosted.org/packages/6e/fb/470085af734da396e68cd80fb0a3e7c109a459716ae59588c0f6fab8a17d/ruff-0.16.10-py3-none-manylinux_2_17_aarch64.manylinux2014_aarch64.whl", hash = "sha256:494401c86df4c4c25f69b9419605d944467ee98c42fb6ad405ef4fa40b8fb67d", size = 9920895, upload-time = "2026-10-01T18:02:44.458Z" },
    { url = "https://files.pythonhosted.org/packages/57/de/f10cffe4f88a37ea6615ec460f01bf76f0bc1477737a35d9ee61a630a78b/ruff-0.16.10-py3-none-manylinux_2_17_armv7l.manylinux2014_armv7l.whl", hash = "sha256:d203abc0ff2b773ee33d00ab8df0bb67046fbc7c07b119332f08b9b345cf8221", size = 9902707, upload-time = "2026-10-01T18:02:47.041Z" },
    { url = "https://files.pythonhosted.org/packages/ff/44/3fdcedf83ae60ef837dd239170e480dce606a9142cfa2db911afdf855fd9/ruff-0.16.10-py3-none-manylinux_2_17_i686.manylinux2014_i686.whl", hash = "sha256:bd83d1235a5258d318477bc5b576303974cbdef5df0c01a1bff14efcc23bd12a", size = 10619287, upload-time = "2026-10-01T18:02:49.485Z" },
    { url = "https://files.pythonhosted.org/packages/c1/62/02e76a5574002153618eafbb70e159468addc72a5d2c488e65cbb4639d2d/ruff-0.16.10-py3-none-manylinux_2_17_ppc64le.manylinux2014_ppc64le.whl", hash = "sha256:bc2610fb269fa56dd8a68669ae470fa6272902668c0fc2ebc3aa112b2633d5b8", size = 11339942, upload-time = "2026-10-01T18:02:52.008Z" },
    { url = "https://files.pythonhosted.org/packages/6b/c4/cde27d47ad8d4126c587e608c67c46e7feac11763f606d261a1bc8a489e6/ruff-0.16.10-py3-none-manylinux_2_17_s390x.manylinux2014_s390x.whl", hash = "sha256:3e70175e29cc94c26ea296c80e470180b744b7419026898e58f520c6ab32578e", size = 10934316, upload-time = "2026-10-01T18:02:54.811Z" },
    { url = "https://files.pythonhosted.org/packages/e4/03/17234145f302a645a123e8c3bb2411ecf4669fbc350de3b0d803230a1729/ruff-0.16.10-py3-none-manylinux_2_17_x86_64.manylinux2014_x86_64.whl", hash = "sha256:f33f43a864a8483eebd160e713336c8bab02c934feaff0a33cf5ccb41546d09a", size = 10387968, upload-time = "2026-10-01T18:02:57.497Z" },
    { url = "https://files.pythonhosted.org/packages/71/29/2493af60240ee7644b38a4b821f5f9c3b5a4fa3178770fe1d0c685217395/ruff-0.16.10-py3-none-manylinux_2_31_riscv64.whl", hash = "sha256:1dfc6f0088149fb6a362c1c446bcbb3fd2157b3852fe2fa68409276eab9ad9b3", size = 10537906, upload-time = "2026-10-01T18:03:00.006Z" },
    { url = "https://files.pythonhosted.org/packages/2e/9a/f56b28f3b143bb9e518c34fb89ab191b626bca8b70dbf8af0d2e2d473572/ruff-0.16.10-py3-none-musllinux_1_2_aarch64.whl", hash = "sha256:6553498afc35f580f036030795810b9e6bcea31604b0fd9e8d352795473042e3", size = 10012938, upload-time = "2026-10-01T18:03:03.006Z" },
    { url = "https://files.pythonhosted.org/packages/c2/c4/fca37362848ea4d4d80712df13632e645e7c7cfb1bdedf140699ac7a090b/ruff-0.16.10-py3-none-musllinux_1_2_armv7l.whl", hash = "sha256:a3b8471dea115d37f123882be852bed13403746d3a76c11de4a19ec5f9ff5a03", size = 9897945, upload-time = "2026-10-01T18:03:05.818Z" },
    { url = "https://files.pythonhosted.org/packages/7d/c7/e0bc57664d6e0c61fd22f620af260fe9662d7e1ddb320ea7f160e76ef165/ruff-0.16.10-py3-none-musllinux_1_2_i686.whl", hash = "sha256:92e59a70bcbd9d3a5483656da906ec28edfdacfce00afd99edb8b4e9d15644be", size = 10333134, upload-time = "2026-10-01T18:03:08.25Z" },
    { url = "https://files.pythonhosted.org/packages/21/aa/5c9f3b68737c0e4a33a1db5dfab44f7b786d96ca91a7233112ddab1e6dc2/ruff-0.16.10-py3-none-musllinux_1_2_x86_64.whl", hash = "sha256:7ae7375f803b5520dc9f546bed7e3a0acb70b91812e9bb4b19927de22f25b77d", size = 10741702, upload-time = "2026-10-01T18:03:10.775Z" },
    { url = "https://files.pythonhosted.org/packages/78/fa/0f9c2020dc316c53d983be011720b8157cc052b97e3f4dfa7db6d0f880a6/ruff-0.16.10-py3-none-win32.whl", hash = "sha256:2a12e01cb9156c10c466f63b46eaae5ecea28dfbd21b5836353ae498e7d1349a", size = 10139176, upload-time = "2026-10-01T18:03:13.267Z" },
    { url = "https://files.pythonhosted.org/packages/99/29/cfb0df9448d4d4ad48c2de029ada9ebd71baa6da983a6c77ee6c6cd0fe82/ruff-0.16.10-py3-none-win_amd64.whl", hash = "sha256:97f2015c92aa97105b0eab19eb5d224884399281cfc5da86a92db4ab5e7fb2ca", size = 10584734, upload-time = "2026-10-01T18:03:16.006Z" },
    { url = "https://files.pythonhosted.org/packages/fc/05/c16957eb287c3fc062e032619a25868d93d408a844b725bcf514f7a378ff/ruff-0.16.10-py3-none-win_arm64.whl", hash = "sha256:25a65fe998c4e6861ec079ada5826a2fc605e6cbccbe9dcd7fac1f54e791621b", size = 10366440, upload-time = "2026-10-01T18:03:19.04Z" },
]

[[package]]
name = "shellingham"
version = "1.5.4"
source = { registry = "https://pypi.org/simple" }
sdist = { url = "https://files.pythonhosted.org/packages/58/15/8b3609fd3830ef7b27b655beb4b4e9c62313a4e8da8c676e142cc210d58e/shellingham-1.5.4.tar.gz", hash = "sha256:8dbca0739d487e5bd35ab3ca4b36e11c4078f3a234bfce294b0a0291363404de", size = 10310, upload-time = "2023-10-24T04:13:40.426Z" }
wheels = [
    { url = "https://files.pythonhosted.org/packages/e0/f9/0595336914c5619e5f28a1fb793285925a8cd4b432c9da0a987836c7f822/shellingham-1.5.4-py2.py3-none-any.whl", hash = "sha256:7ecfff8f2fd72616f7481040475a65b2bf8af90a56c89140852d1120324e8686", size = 9755, upload-time = "2023-10-24T04:13:38.866Z" },
]

[[package]]
name = "typer"
version = "0.27.3"
source = { registry = "https://pypi.org/simple" }
dependencies = [
    { name = "annotated-doc" },
    { name = "colorama", marker = "sys_platform == 'win32'" },
    { name = "rich" },
    { name = "shellingham" },
]
sdist = { url = "https://files.pythonhosted.org/packages/03/51/d33db42cc72ffd8c30777547b42d01f0cbf9d95a770457698d0174b3ed71/typer-0.27.3.tar.gz", hash = "sha256:d0396f770a560ab1b0a8504e13b5f254b728cedb05c61cf0359e944e50ce8901", size = 205303, upload-time = "2026-10-06T17:24:16.61Z" }
wheels = [
    { url = "https://files.pythonhosted.org/packages/07/ea/2e31b67051e91a133189e9c000c222502ddc6969856416de0d095de4c0b0/typer-0.27.3-py3-none-any.whl", hash = "sha256:e50022f28b82a86313e54501317a1db64bf8f8d036ff8cfe5ca7e47675454aff", size = 123312, upload-time = "2026-10-06T17:24:15.054Z" },
]

[[package]]
name = "typing-extensions"
version = "4.16.0"
source = { registry = "https://pypi.org/simple" }
sdist = { url = "https://files.pythonhosted.org/packages/f6/cc/6253133b5bb138fc3306cebfbda2c520f545d36b5be2c7255cc528bb45d6/typing_extensions-4.16.0.tar.gz", hash = "sha256:dc983d19a509c94dba722ee6abd33940f7c05a89e243c47e907eb4db6f1a43e5", size = 113555, upload-time = "2026-07-02T08:40:05.92Z" }
wheels = [
    { url = "https://files.pythonhosted.org/packages/49/d3/b8441a820a491ddfc024b0b0cf0393375b75ea13866d9c66727e54c2fc80/typing_extensions-4.16.0-py3-none-any.whl", hash = "sha256:481caa481374e813c1b176ada14e97f1f67a4539ce9cfeb3f350d78d6370c2e8", size = 45571, upload-time = "2026-07-02T08:40:04.659Z" },
]

[[package]]
name = "typing-inspection"
version = "0.4.4"
source = { registry = "https://pypi.org/simple" }
dependencies = [
    { name = "typing-extensions" },
]
sdist = { url = "https://files.pythonhosted.org/packages/a3/26/b09b8010994eccc3c09092e6b34058f36a460eea2d4c3e8b910c695975a0/typing_inspection-0.4.4.tar.gz", hash = "sha256:547274fa6b0a561ccf549cc9524b999a578e737d015d8709d021f9d0d13bea47", size = 76928, upload-time = "2026-08-12T12:37:25.997Z" }
wheels = [
    { url = "https://files.pythonhosted.org/packages/67/81/4add07e5172b7ac40d8ed5ff580409a7801a4fe26d529bdd915401dabfbe/typing_inspection-0.4.4-py3-none-any.whl", hash = "sha256:65b8397ba37ccbce054456aaccddfc91e6e3083c92824df348d96ca832f3f147", size = 14750, upload-time = "2026-08-12T12:37:24.648Z" },
]

[[package]]
name = "xlsxwriter"
version = "3.2.9"
source = { registry = "https://pypi.org/simple" }
sdist = { url = "https://files.pythonhosted.org/packages/46/2c/c06ef49dc36e7954e55b802a8b231770d286a9758b3d936bd1e04ce5ba88/xlsxwriter-3.2.9.tar.gz", hash = "sha256:254b1c37a368c444eac6e2f867405cc9e461b0ed97a3233b2ac1e574efb4140c", size = 215940, upload-time = "2025-09-16T00:16:21.63Z" }
wheels = [
    { url = "https://files.pythonhosted.org/packages/3a/0c/3662f4a66880196a590b202f0db82d919dd2f89e99a27fadef91c4a33d41/xlsxwriter-3.2.9-py3-none-any.whl", hash = "sha256:9a5db42bc5dff014806c58a20b9eae7322a134abb6fce3c92c181bfb275ec5b3", size = 175315, upload-time = "2025-09-16T00:16:20.108Z" },
]
